{
  "name": "vriddhi-beckn",
  "version": "1.0.0",
  "lockfileVersion": 3,
  "requires": true,
  "packages": {
    "": {
      "name": "vriddhi-beckn",
      "version": "1.0.0",
      "license": "MIT",
      "workspaces": [
        "packages/*"
      ]
    },
    "node_modules/@hapi/hoek": {
      "version": "9.3.0",
      "license": "BSD-3-Clause"
    },
    "node_modules/@hapi/topo": {
      "version": "5.1.0",
      "license": "BSD-3-Clause",
      "dependencies": {
        "@hapi/hoek": "^9.0.0"
      }
    },
    "node_modules/@sideway/address": {
      "version": "4.1.5",
      "license": "BSD-3-Clause",
      "dependencies": {
        "@hapi/hoek": "^9.0.0"
      }
    },
    "node_modules/@sideway/formula": {
      "version": "3.0.1",
      "license": "BSD-3-Clause"
    },
    "node_modules/@sideway/pinpoint": {
      "version": "2.0.0",
      "license": "BSD-3-Clause"
    },
    "node_modules/@vriddhi-beckn/core-specs": {
      "resolved": "packages/core-specs",
      "link": true
    },
    "node_modules/@vriddhi-beckn/registry-specs": {
      "resolved": "packages/registry-specs",
      "link": true
    },
    "node_modules/joi": {
      "version": "17.13.3",
      "license": "BSD-3-Clause",
      "dependencies": {
        "@hapi/hoek": "^9.3.0",
        "@hapi/topo": "^5.1.0",
        "@sideway/address": "^4.1.5",
        "@sideway/formula": "^3.0.1",
        "@sideway/pinpoint": "^2.0.0"
      }
    },
    "packages/core-specs": {
      "name": "@vriddhi-beckn/core-specs",
      "version": "1.0.3",
      "license": "MIT",
      "dependencies": {
        "joi": "^17.13.3"
      }
    },
    "packages/registry-specs": {
      "name": "@vriddhi-beckn/registry-specs",
      "version": "1.0.0",
      "license": "MIT",
      "dependencies": {
        "@vriddhi-beckn/core-specs": "^1.0.3"
      }
    }
  }
}
